
Microsoft Visual Studio Solution File, Format Version 12.00
# Visual Studio Version 16
VisualStudioVersion = 16.0.34114.132
MinimumVisualStudioVersion = 10.0.40219.1
Project("{FAE04EC0-301F-11D3-BF4B-00C04F79EFBC}") = "Program", "Program\Program.csproj", "{FEE5230A-2795-4E76-91F2-E9137FD40985}"
EndProject
Global
	GlobalSection(SolutionConfigurationPlatforms) = preSolution
		Debug|Any CPU = Debug|Any CPU
		Release|Any CPU = Release|Any CPU
	EndGlobalSection
	GlobalSection(ProjectConfigurationPlatforms) = postSolution
		{FEE5230A-2795-4E76-91F2-E9137FD40985}.Debug|Any CPU.ActiveCfg = Debug|Any CPU
		{FEE5230A-2795-4E76-91F2-E9137FD40985}.Debug|Any CPU.Build.0 = Debug|Any CPU
		{FEE5230A-2795-4E76-91F2-E9137FD40985}.Release|Any CPU.ActiveCfg = Release|Any CPU
		{FEE5230A-2795-4E76-91F2-E9137FD40985}.Release|Any CPU.Build.0 = Release|Any CPU
	EndGlobalSection
	GlobalSection(SolutionProperties) = preSolution
		HideSolutionNode = FALSE
	EndGlobalSection
	GlobalSection(ExtensibilityGlobals) = postSolution
		SolutionGuid = {4D31CA41-B5F2-4174-8E15-BB47CE789CCB}
	EndGlobalSection
EndGlobal
