
Microsoft Visual Studio Solution File, Format Version 12.00
# Visual Studio 2012
# SharpDevelop 5.0
VisualStudioVersion = 16.0.29025.244
MinimumVisualStudioVersion = 10.0.40219.1
Project("{FAE04EC0-301F-11D3-BF4B-00C04F79EFBC}") = "Program", "Program\Program.csproj", "{B14C2D35-31E9-42D3-AA22-0FDA30F57062}"
EndProject
Project("{FAE04EC0-301F-11D3-BF4B-00C04F79EFBC}") = "Utils", "Utils\Utils.csproj", "{0A243A71-7518-442D-B63A-1888982DDEE6}"
EndProject
Project("{FAE04EC0-301F-11D3-BF4B-00C04F79EFBC}") = "Test", "Test\Test.csproj", "{5CFDE072-A714-43D2-9AAA-8E1DC0F611C7}"
EndProject
Global
	GlobalSection(SolutionConfigurationPlatforms) = preSolution
		Debug|x86 = Debug|x86
		Release|x86 = Release|x86
	EndGlobalSection
	GlobalSection(ProjectConfigurationPlatforms) = postSolution
		{B14C2D35-31E9-42D3-AA22-0FDA30F57062}.Debug|x86.ActiveCfg = Debug|x86
		{B14C2D35-31E9-42D3-AA22-0FDA30F57062}.Debug|x86.Build.0 = Debug|x86
		{B14C2D35-31E9-42D3-AA22-0FDA30F57062}.Release|x86.ActiveCfg = Release|x86
		{B14C2D35-31E9-42D3-AA22-0FDA30F57062}.Release|x86.Build.0 = Release|x86
		{0A243A71-7518-442D-B63A-1888982DDEE6}.Debug|x86.ActiveCfg = Debug|x86
		{0A243A71-7518-442D-B63A-1888982DDEE6}.Debug|x86.Build.0 = Debug|x86
		{0A243A71-7518-442D-B63A-1888982DDEE6}.Release|x86.ActiveCfg = Release|x86
		{0A243A71-7518-442D-B63A-1888982DDEE6}.Release|x86.Build.0 = Release|x86
		{5CFDE072-A714-43D2-9AAA-8E1DC0F611C7}.Debug|x86.ActiveCfg = Debug|x86
		{5CFDE072-A714-43D2-9AAA-8E1DC0F611C7}.Debug|x86.Build.0 = Debug|x86
		{5CFDE072-A714-43D2-9AAA-8E1DC0F611C7}.Release|x86.ActiveCfg = Release|x86
		{5CFDE072-A714-43D2-9AAA-8E1DC0F611C7}.Release|x86.Build.0 = Release|x86
	EndGlobalSection
	GlobalSection(SolutionProperties) = preSolution
		HideSolutionNode = FALSE
	EndGlobalSection
	GlobalSection(ExtensibilityGlobals) = postSolution
		SolutionGuid = {140B5D7C-1AEC-4DE6-B100-09DCC30D06A0}
	EndGlobalSection
EndGlobal
