
Microsoft Visual Studio Solution File, Format Version 11.00
# Visual Studio 2010
# SharpDevelop 5.1
Project("{FAE04EC0-301F-11D3-BF4B-00C04F79EFBC}") = "Client", "Client.csproj", "{CB806EEC-AC14-48F0-A70C-1F13FA5CE894}"
EndProject
Global
	GlobalSection(SolutionConfigurationPlatforms) = preSolution
		Debug|Any CPU = Debug|Any CPU
		Release|Any CPU = Release|Any CPU
	EndGlobalSection
	GlobalSection(ProjectConfigurationPlatforms) = postSolution
		{CB806EEC-AC14-48F0-A70C-1F13FA5CE894}.Debug|Any CPU.ActiveCfg = Debug|Any CPU
		{CB806EEC-AC14-48F0-A70C-1F13FA5CE894}.Debug|Any CPU.Build.0 = Debug|Any CPU
		{CB806EEC-AC14-48F0-A70C-1F13FA5CE894}.Release|Any CPU.ActiveCfg = Release|Any CPU
		{CB806EEC-AC14-48F0-A70C-1F13FA5CE894}.Release|Any CPU.Build.0 = Release|Any CPU
	EndGlobalSection
EndGlobal
